<?xml version="1.0" encoding="utf-8"?>
<Project ToolsVersion="4.0" xmlns="http://schemas.microsoft.com/developer/msbuild/2003">
  <ItemGroup>
    <Filter Include="MyHazel">
      <UniqueIdentifier>{FF40924A-6B20-11E6-7438-9CBCE0967747}</UniqueIdentifier>
    </Filter>
  </ItemGroup>
  <ItemGroup>
    <ClInclude Include="src\MyHazel.h" />
    <ClInclude Include="src\MyHazel\Application.h">
      <Filter>MyHazel</Filter>
    </ClInclude>
    <ClInclude Include="src\MyHazel\Core.h">
      <Filter>MyHazel</Filter>
    </ClInclude>
    <ClInclude Include="src\MyHazel\EntryPoint.h">
      <Filter>MyHazel</Filter>
    </ClInclude>
    <ClInclude Include="src\MyHazel\Log.h">
      <Filter>MyHazel</Filter>
    </ClInclude>
  </ItemGroup>
  <ItemGroup>
    <ClCompile Include="src\MyHazel\Application.cpp">
      <Filter>MyHazel</Filter>
    </ClCompile>
    <ClCompile Include="src\MyHazel\Log.cpp">
      <Filter>MyHazel</Filter>
    </ClCompile>
  </ItemGroup>
</Project>